
Microsoft Visual Studio Solution File, Format Version 12.00
# Visual Studio Version 17
VisualStudioVersion = 17.14.36202.13 d17.14
MinimumVisualStudioVersion = 10.0.40219.1
Project("{FAE04EC0-301F-11D3-BF4B-00C04F79EFBC}") = "NorthwindApp_DA", "NorthwindApp_DA\NorthwindApp_DA.csproj", "{E433D015-7C5D-494F-8F4E-35CAE77CE746}"
EndProject
Global
	GlobalSection(SolutionConfigurationPlatforms) = preSolution
		Debug|Any CPU = Debug|Any CPU
		Release|Any CPU = Release|Any CPU
	EndGlobalSection
	GlobalSection(ProjectConfigurationPlatforms) = postSolution
		{E433D015-7C5D-494F-8F4E-35CAE77CE746}.Debug|Any CPU.ActiveCfg = Debug|Any CPU
		{E433D015-7C5D-494F-8F4E-35CAE77CE746}.Debug|Any CPU.Build.0 = Debug|Any CPU
		{E433D015-7C5D-494F-8F4E-35CAE77CE746}.Release|Any CPU.ActiveCfg = Release|Any CPU
		{E433D015-7C5D-494F-8F4E-35CAE77CE746}.Release|Any CPU.Build.0 = Release|Any CPU
	EndGlobalSection
	GlobalSection(SolutionProperties) = preSolution
		HideSolutionNode = FALSE
	EndGlobalSection
	GlobalSection(ExtensibilityGlobals) = postSolution
		SolutionGuid = {EDDC96C9-9D2C-451E-A7BE-C4F8E3524691}
	EndGlobalSection
EndGlobal
